
Microsoft Visual Studio Solution File, Format Version 12.00
# Visual Studio Version 17
VisualStudioVersion = 17.2.32630.192
MinimumVisualStudioVersion = 10.0.40219.1
Project("{FAE04EC0-301F-11D3-BF4B-00C04F79EFBC}") = "Task", "Task\Task.csproj", "{889AB802-E272-4219-BF63-3E3EBC729532}"
EndProject
Global
	GlobalSection(SolutionConfigurationPlatforms) = preSolution
		Debug|Any CPU = Debug|Any CPU
		Release|Any CPU = Release|Any CPU
	EndGlobalSection
	GlobalSection(ProjectConfigurationPlatforms) = postSolution
		{889AB802-E272-4219-BF63-3E3EBC729532}.Debug|Any CPU.ActiveCfg = Debug|Any CPU
		{889AB802-E272-4219-BF63-3E3EBC729532}.Debug|Any CPU.Build.0 = Debug|Any CPU
		{889AB802-E272-4219-BF63-3E3EBC729532}.Release|Any CPU.ActiveCfg = Release|Any CPU
		{889AB802-E272-4219-BF63-3E3EBC729532}.Release|Any CPU.Build.0 = Release|Any CPU
	EndGlobalSection
	GlobalSection(SolutionProperties) = preSolution
		HideSolutionNode = FALSE
	EndGlobalSection
	GlobalSection(ExtensibilityGlobals) = postSolution
		SolutionGuid = {5891FBEE-CE53-4F07-9CFC-4676AF9923D3}
	EndGlobalSection
EndGlobal
